
Microsoft Visual Studio Solution File, Format Version 12.00
# Visual Studio Version 17
VisualStudioVersion = 17.0.31903.59
MinimumVisualStudioVersion = 10.0.40219.1
Project("{9A19103F-16F7-4668-BE54-9A1E7A4F7556}") = "CCSystem.DAL", "CCSystem.DAL\CCSystem.DAL.csproj", "{C686789E-E100-4DFD-8203-A15E752C5E86}"
EndProject
Project("{FAE04EC0-301F-11D3-BF4B-00C04F79EFBC}") = "CCSystem.BLL", "CCSystem.BLL\CCSystem.BLL.csproj", "{0C2C798B-7C91-4FDC-BCFB-AA5BAE7EAD28}"
EndProject
Project("{FAE04EC0-301F-11D3-BF4B-00C04F79EFBC}") = "CCSystem.API", "CCSystem.API\CCSystem.API.csproj", "{BAF00569-4021-4AC5-A4AB-2DB6C4B14FD1}"
EndProject
Global
	GlobalSection(SolutionConfigurationPlatforms) = preSolution
		Debug|Any CPU = Debug|Any CPU
		Release|Any CPU = Release|Any CPU
	EndGlobalSection
	GlobalSection(ProjectConfigurationPlatforms) = postSolution
		{C686789E-E100-4DFD-8203-A15E752C5E86}.Debug|Any CPU.ActiveCfg = Debug|Any CPU
		{C686789E-E100-4DFD-8203-A15E752C5E86}.Debug|Any CPU.Build.0 = Debug|Any CPU
		{C686789E-E100-4DFD-8203-A15E752C5E86}.Release|Any CPU.ActiveCfg = Release|Any CPU
		{C686789E-E100-4DFD-8203-A15E752C5E86}.Release|Any CPU.Build.0 = Release|Any CPU
		{0C2C798B-7C91-4FDC-BCFB-AA5BAE7EAD28}.Debug|Any CPU.ActiveCfg = Debug|Any CPU
		{0C2C798B-7C91-4FDC-BCFB-AA5BAE7EAD28}.Debug|Any CPU.Build.0 = Debug|Any CPU
		{0C2C798B-7C91-4FDC-BCFB-AA5BAE7EAD28}.Release|Any CPU.ActiveCfg = Release|Any CPU
		{0C2C798B-7C91-4FDC-BCFB-AA5BAE7EAD28}.Release|Any CPU.Build.0 = Release|Any CPU
		{BAF00569-4021-4AC5-A4AB-2DB6C4B14FD1}.Debug|Any CPU.ActiveCfg = Debug|Any CPU
		{BAF00569-4021-4AC5-A4AB-2DB6C4B14FD1}.Debug|Any CPU.Build.0 = Debug|Any CPU
		{BAF00569-4021-4AC5-A4AB-2DB6C4B14FD1}.Release|Any CPU.ActiveCfg = Release|Any CPU
		{BAF00569-4021-4AC5-A4AB-2DB6C4B14FD1}.Release|Any CPU.Build.0 = Release|Any CPU
	EndGlobalSection
	GlobalSection(SolutionProperties) = preSolution
		HideSolutionNode = FALSE
	EndGlobalSection
	GlobalSection(ExtensibilityGlobals) = postSolution
		SolutionGuid = {C51E6CAD-609A-431A-8D69-4AB05C7C12FE}
	EndGlobalSection
EndGlobal
